
Microsoft Visual Studio Solution File, Format Version 12.00
# Visual Studio Version 17
VisualStudioVersion = 17.7.34031.279
MinimumVisualStudioVersion = 10.0.40219.1
Project("{FAE04EC0-301F-11D3-BF4B-00C04F79EFBC}") = "Consultorio_Dentista", "Consultorio_Dentista\Consultorio_Dentista.csproj", "{A556D042-2171-4FEF-BF77-98A10043DE8E}"
EndProject
Project("{FAE04EC0-301F-11D3-BF4B-00C04F79EFBC}") = "Consultorio_Dentista.Model", "Consultorio_Dentista.Model\Consultorio_Dentista.Model.csproj", "{D356674F-837C-4419-8BBD-C4DEA29A9488}"
EndProject
Global
	GlobalSection(SolutionConfigurationPlatforms) = preSolution
		Debug|Any CPU = Debug|Any CPU
		Release|Any CPU = Release|Any CPU
	EndGlobalSection
	GlobalSection(ProjectConfigurationPlatforms) = postSolution
		{A556D042-2171-4FEF-BF77-98A10043DE8E}.Debug|Any CPU.ActiveCfg = Debug|Any CPU
		{A556D042-2171-4FEF-BF77-98A10043DE8E}.Debug|Any CPU.Build.0 = Debug|Any CPU
		{A556D042-2171-4FEF-BF77-98A10043DE8E}.Release|Any CPU.ActiveCfg = Release|Any CPU
		{A556D042-2171-4FEF-BF77-98A10043DE8E}.Release|Any CPU.Build.0 = Release|Any CPU
		{D356674F-837C-4419-8BBD-C4DEA29A9488}.Debug|Any CPU.ActiveCfg = Debug|Any CPU
		{D356674F-837C-4419-8BBD-C4DEA29A9488}.Debug|Any CPU.Build.0 = Debug|Any CPU
		{D356674F-837C-4419-8BBD-C4DEA29A9488}.Release|Any CPU.ActiveCfg = Release|Any CPU
		{D356674F-837C-4419-8BBD-C4DEA29A9488}.Release|Any CPU.Build.0 = Release|Any CPU
	EndGlobalSection
	GlobalSection(SolutionProperties) = preSolution
		HideSolutionNode = FALSE
	EndGlobalSection
	GlobalSection(ExtensibilityGlobals) = postSolution
		SolutionGuid = {06D316BD-BE93-4BB2-832C-BE4B8B178033}
	EndGlobalSection
EndGlobal
